// !$*UTF8*$!
{
	archiveVersion = 1;
	classes = {
	};
	objectVersion = 50;
	objects = {

/* Begin PBXBuildFile section */
		A477D983262E65F600D8F0C9 /* AppDelegate.swift in Sources */ = {isa = PBXBuildFile; fileRef = A477D982262E65F600D8F0C9 /* AppDelegate.swift */; };
		A477D985262E65F600D8F0C9 /* SceneDelegate.swift in Sources */ = {isa = PBXBuildFile; fileRef = A477D984262E65F600D8F0C9 /* SceneDelegate.swift */; };
		A477D987262E65F600D8F0C9 /* ViewController.swift in Sources */ = {isa = PBXBuildFile; fileRef = A477D986262E65F600D8F0C9 /* ViewController.swift */; };
		A477D98A262E65F600D8F0C9 /* Main.storyboard in Resources */ = {isa = PBXBuildFile; fileRef = A477D988262E65F600D8F0C9 /* Main.storyboard */; };
		A477D98F262E65F700D8F0C9 /* LaunchScreen.storyboard in Resources */ = {isa = PBXBuildFile; fileRef = A477D98D262E65F700D8F0C9 /* LaunchScreen.storyboard */; };
		A477D9B9262E719B00D8F0C9 /* Geraline.ttf in Resources */ = {isa = PBXBuildFile; fileRef = A477D9B1262E719A00D8F0C9 /* Geraline.ttf */; };
		A477D9BA262E719B00D8F0C9 /* Stay Wildy.ttf in Resources */ = {isa = PBXBuildFile; fileRef = A477D9B2262E719A00D8F0C9 /* Stay Wildy.ttf */; };
		A477D9BB262E719B00D8F0C9 /* Valentinna.ttf in Resources */ = {isa = PBXBuildFile; fileRef = A477D9B3262E719A00D8F0C9 /* Valentinna.ttf */; };
		A477D9BC262E719B00D8F0C9 /* mellony dry brush.ttf in Resources */ = {isa = PBXBuildFile; fileRef = A477D9B4262E719A00D8F0C9 /* mellony dry brush.ttf */; };
		A477D9BD262E719B00D8F0C9 /* Matilna Samuela.ttf in Resources */ = {isa = PBXBuildFile; fileRef = A477D9B5262E719A00D8F0C9 /* Matilna Samuela.ttf */; };
		A477D9BE262E719B00D8F0C9 /* Rabbit Garden.otf in Resources */ = {isa = PBXBuildFile; fileRef = A477D9B6262E719A00D8F0C9 /* Rabbit Garden.otf */; };
		A477D9BF262E719B00D8F0C9 /* Autentica.ttf in Resources */ = {isa = PBXBuildFile; fileRef = A477D9B7262E719A00D8F0C9 /* Autentica.ttf */; };
		A477D9C0262E719B00D8F0C9 /* Lourena.ttf in Resources */ = {isa = PBXBuildFile; fileRef = A477D9B8262E719B00D8F0C9 /* Lourena.ttf */; };
		A477D9C7262E80AC00D8F0C9 /* ResultViewController.swift in Sources */ = {isa = PBXBuildFile; fileRef = A477D9C6262E80AC00D8F0C9 /* ResultViewController.swift */; };
		A477D9CB262EC77C00D8F0C9 /* Assets.xcassets in Resources */ = {isa = PBXBuildFile; fileRef = A477D9CA262EC77C00D8F0C9 /* Assets.xcassets */; };
		A477D9D5262EE2B600D8F0C9 /* UIImage+Gif.swift in Sources */ = {isa = PBXBuildFile; fileRef = A477D9D4262EE2B600D8F0C9 /* UIImage+Gif.swift */; };
		A477D9D9262EE36400D8F0C9 /* koupenchan.gif in Resources */ = {isa = PBXBuildFile; fileRef = A477D9D8262EE36400D8F0C9 /* koupenchan.gif */; };
/* End PBXBuildFile section */

/* Begin PBXFileReference section */
		A477D97F262E65F600D8F0C9 /* Decidophobia.app */ = {isa = PBXFileReference; explicitFileType = wrapper.application; includeInIndex = 0; path = Decidophobia.app; sourceTree = BUILT_PRODUCTS_DIR; };
		A477D982262E65F600D8F0C9 /* AppDelegate.swift */ = {isa = PBXFileReference; lastKnownFileType = sourcecode.swift; path = AppDelegate.swift; sourceTree = "<group>"; };
		A477D984262E65F600D8F0C9 /* SceneDelegate.swift */ = {isa = PBXFileReference; lastKnownFileType = sourcecode.swift; path = SceneDelegate.swift; sourceTree = "<group>"; };
		A477D986262E65F600D8F0C9 /* ViewController.swift */ = {isa = PBXFileReference; lastKnownFileType = sourcecode.swift; path = ViewController.swift; sourceTree = "<group>"; };
		A477D989262E65F600D8F0C9 /* Base */ = {isa = PBXFileReference; lastKnownFileType = file.storyboard; name = Base; path = Base.lproj/Main.storyboard; sourceTree = "<group>"; };
		A477D98E262E65F700D8F0C9 /* Base */ = {isa = PBXFileReference; lastKnownFileType = file.storyboard; name = Base; path = Base.lproj/LaunchScreen.storyboard; sourceTree = "<group>"; };
		A477D990262E65F700D8F0C9 /* Info.plist */ = {isa = PBXFileReference; lastKnownFileType = text.plist.xml; path = Info.plist; sourceTree = "<group>"; };
		A477D9B1262E719A00D8F0C9 /* Geraline.ttf */ = {isa = PBXFileReference; lastKnownFileType = file; name = Geraline.ttf; path = ../../../../../Library/Fonts/Geraline.ttf; sourceTree = "<group>"; };
		A477D9B2262E719A00D8F0C9 /* Stay Wildy.ttf */ = {isa = PBXFileReference; lastKnownFileType = file; name = "Stay Wildy.ttf"; path = "../../../../../Library/Fonts/Stay Wildy.ttf"; sourceTree = "<group>"; };
		A477D9B3262E719A00D8F0C9 /* Valentinna.ttf */ = {isa = PBXFileReference; lastKnownFileType = file; name = Valentinna.ttf; path = ../../../../../Library/Fonts/Valentinna.ttf; sourceTree = "<group>"; };
		A477D9B4262E719A00D8F0C9 /* mellony dry brush.ttf */ = {isa = PBXFileReference; lastKnownFileType = file; name = "mellony dry brush.ttf"; path = "../../../../../Library/Fonts/mellony dry brush.ttf"; sourceTree = "<group>"; };
		A477D9B5262E719A00D8F0C9 /* Matilna Samuela.ttf */ = {isa = PBXFileReference; lastKnownFileType = file; name = "Matilna Samuela.ttf"; path = "../../../../../Library/Fonts/Matilna Samuela.ttf"; sourceTree = "<group>"; };
		A477D9B6262E719A00D8F0C9 /* Rabbit Garden.otf */ = {isa = PBXFileReference; lastKnownFileType = file; name = "Rabbit Garden.otf"; path = "../../../../../Library/Fonts/Rabbit Garden.otf"; sourceTree = "<group>"; };
		A477D9B7262E719A00D8F0C9 /* Autentica.ttf */ = {isa = PBXFileReference; lastKnownFileType = file; name = Autentica.ttf; path = ../../../../../Library/Fonts/Autentica.ttf; sourceTree = "<group>"; };
		A477D9B8262E719B00D8F0C9 /* Lourena.ttf */ = {isa = PBXFileReference; lastKnownFileType = file; name = Lourena.ttf; path = ../../../../../Library/Fonts/Lourena.ttf; sourceTree = "<group>"; };
		A477D9C6262E80AC00D8F0C9 /* ResultViewController.swift */ = {isa = PBXFileReference; lastKnownFileType = sourcecode.swift; path = ResultViewController.swift; sourceTree = SOURCE_ROOT; };
		A477D9CA262EC77C00D8F0C9 /* Assets.xcassets */ = {isa = PBXFileReference; lastKnownFileType = folder.assetcatalog; path = Assets.xcassets; sourceTree = "<group>"; };
		A477D9D4262EE2B600D8F0C9 /* UIImage+Gif.swift */ = {isa = PBXFileReference; lastKnownFileType = sourcecode.swift; path = "UIImage+Gif.swift"; sourceTree = "<group>"; };
		A477D9D8262EE36400D8F0C9 /* koupenchan.gif */ = {isa = PBXFileReference; lastKnownFileType = image.gif; path = koupenchan.gif; sourceTree = SOURCE_ROOT; };
/* End PBXFileReference section */

/* Begin PBXFrameworksBuildPhase section */
		A477D97C262E65F600D8F0C9 /* Frameworks */ = {
			isa = PBXFrameworksBuildPhase;
			buildActionMask = 2147483647;
			files = (
			);
			runOnlyForDeploymentPostprocessing = 0;
		};
/* End PBXFrameworksBuildPhase section */

/* Begin PBXGroup section */
		A477D976262E65F600D8F0C9 = {
			isa = PBXGroup;
			children = (
				A477D981262E65F600D8F0C9 /* Decidophobia */,
				A477D980262E65F600D8F0C9 /* Products */,
			);
			sourceTree = "<group>";
		};
		A477D980262E65F600D8F0C9 /* Products */ = {
			isa = PBXGroup;
			children = (
				A477D97F262E65F600D8F0C9 /* Decidophobia.app */,
			);
			name = Products;
			sourceTree = "<group>";
		};
		A477D981262E65F600D8F0C9 /* Decidophobia */ = {
			isa = PBXGroup;
			children = (
				A477D982262E65F600D8F0C9 /* AppDelegate.swift */,
				A477D984262E65F600D8F0C9 /* SceneDelegate.swift */,
				A477D9C5262E808000D8F0C9 /* Controllers */,
				A477D988262E65F600D8F0C9 /* Main.storyboard */,
				A477D9CA262EC77C00D8F0C9 /* Assets.xcassets */,
				A477D9D8262EE36400D8F0C9 /* koupenchan.gif */,
				A477D98D262E65F700D8F0C9 /* LaunchScreen.storyboard */,
				A477D997262E667100D8F0C9 /* Fonts */,
				A477D990262E65F700D8F0C9 /* Info.plist */,
			);
			path = Decidophobia;
			sourceTree = "<group>";
		};
		A477D997262E667100D8F0C9 /* Fonts */ = {
			isa = PBXGroup;
			children = (
				A477D9B7262E719A00D8F0C9 /* Autentica.ttf */,
				A477D9B1262E719A00D8F0C9 /* Geraline.ttf */,
				A477D9B8262E719B00D8F0C9 /* Lourena.ttf */,
				A477D9B5262E719A00D8F0C9 /* Matilna Samuela.ttf */,
				A477D9B4262E719A00D8F0C9 /* mellony dry brush.ttf */,
				A477D9B6262E719A00D8F0C9 /* Rabbit Garden.otf */,
				A477D9B2262E719A00D8F0C9 /* Stay Wildy.ttf */,
				A477D9B3262E719A00D8F0C9 /* Valentinna.ttf */,
			);
			path = Fonts;
			sourceTree = "<group>";
		};
		A477D9C5262E808000D8F0C9 /* Controllers */ = {
			isa = PBXGroup;
			children = (
				A477D9C6262E80AC00D8F0C9 /* ResultViewController.swift */,
				A477D9D4262EE2B600D8F0C9 /* UIImage+Gif.swift */,
				A477D986262E65F600D8F0C9 /* ViewController.swift */,
			);
			path = Controllers;
			sourceTree = "<group>";
		};
/* End PBXGroup section */

/* Begin PBXNativeTarget section */
		A477D97E262E65F600D8F0C9 /* Decidophobia */ = {
			isa = PBXNativeTarget;
			buildConfigurationList = A477D993262E65F700D8F0C9 /* Build configuration list for PBXNativeTarget "Decidophobia" */;
			buildPhases = (
				A477D97B262E65F600D8F0C9 /* Sources */,
				A477D97C262E65F600D8F0C9 /* Frameworks */,
				A477D97D262E65F600D8F0C9 /* Resources */,
			);
			buildRules = (
			);
			dependencies = (
			);
			name = Decidophobia;
			productName = Decidophobia;
			productReference = A477D97F262E65F600D8F0C9 /* Decidophobia.app */;
			productType = "com.apple.product-type.application";
		};
/* End PBXNativeTarget section */

/* Begin PBXProject section */
		A477D977262E65F600D8F0C9 /* Project object */ = {
			isa = PBXProject;
			attributes = {
				LastSwiftUpdateCheck = 1240;
				LastUpgradeCheck = 1240;
				TargetAttributes = {
					A477D97E262E65F600D8F0C9 = {
						CreatedOnToolsVersion = 12.4;
					};
				};
			};
			buildConfigurationList = A477D97A262E65F600D8F0C9 /* Build configuration list for PBXProject "Decidophobia" */;
			compatibilityVersion = "Xcode 9.3";
			developmentRegion = en;
			hasScannedForEncodings = 0;
			knownRegions = (
				en,
				Base,
			);
			mainGroup = A477D976262E65F600D8F0C9;
			productRefGroup = A477D980262E65F600D8F0C9 /* Products */;
			projectDirPath = "";
			projectRoot = "";
			targets = (
				A477D97E262E65F600D8F0C9 /* Decidophobia */,
			);
		};
/* End PBXProject section */

/* Begin PBXResourcesBuildPhase section */
		A477D97D262E65F600D8F0C9 /* Resources */ = {
			isa = PBXResourcesBuildPhase;
			buildActionMask = 2147483647;
			files = (
				A477D9BB262E719B00D8F0C9 /* Valentinna.ttf in Resources */,
				A477D9BF262E719B00D8F0C9 /* Autentica.ttf in Resources */,
				A477D9CB262EC77C00D8F0C9 /* Assets.xcassets in Resources */,
				A477D9BC262E719B00D8F0C9 /* mellony dry brush.ttf in Resources */,
				A477D9BA262E719B00D8F0C9 /* Stay Wildy.ttf in Resources */,
				A477D98F262E65F700D8F0C9 /* LaunchScreen.storyboard in Resources */,
				A477D9D9262EE36400D8F0C9 /* koupenchan.gif in Resources */,
				A477D9BE262E719B00D8F0C9 /* Rabbit Garden.otf in Resources */,
				A477D9BD262E719B00D8F0C9 /* Matilna Samuela.ttf in Resources */,
				A477D98A262E65F600D8F0C9 /* Main.storyboard in Resources */,
				A477D9C0262E719B00D8F0C9 /* Lourena.ttf in Resources */,
				A477D9B9262E719B00D8F0C9 /* Geraline.ttf in Resources */,
			);
			runOnlyForDeploymentPostprocessing = 0;
		};
/* End PBXResourcesBuildPhase section */

/* Begin PBXSourcesBuildPhase section */
		A477D97B262E65F600D8F0C9 /* Sources */ = {
			isa = PBXSourcesBuildPhase;
			buildActionMask = 2147483647;
			files = (
				A477D987262E65F600D8F0C9 /* ViewController.swift in Sources */,
				A477D983262E65F600D8F0C9 /* AppDelegate.swift in Sources */,
				A477D985262E65F600D8F0C9 /* SceneDelegate.swift in Sources */,
				A477D9D5262EE2B600D8F0C9 /* UIImage+Gif.swift in Sources */,
				A477D9C7262E80AC00D8F0C9 /* ResultViewController.swift in Sources */,
			);
			runOnlyForDeploymentPostprocessing = 0;
		};
/* End PBXSourcesBuildPhase section */

/* Begin PBXVariantGroup section */
		A477D988262E65F600D8F0C9 /* Main.storyboard */ = {
			isa = PBXVariantGroup;
			children = (
				A477D989262E65F600D8F0C9 /* Base */,
			);
			name = Main.storyboard;
			sourceTree = "<group>";
		};
		A477D98D262E65F700D8F0C9 /* LaunchScreen.storyboard */ = {
			isa = PBXVariantGroup;
			children = (
				A477D98E262E65F700D8F0C9 /* Base */,
			);
			name = LaunchScreen.storyboard;
			sourceTree = "<group>";
		};
/* End PBXVariantGroup section */

/* Begin XCBuildConfiguration section */
		A477D991262E65F700D8F0C9 /* Debug */ = {
			isa = XCBuildConfiguration;
			buildSettings = {
				ALWAYS_SEARCH_USER_PATHS = NO;
				CLANG_ANALYZER_NONNULL = YES;
				CLANG_ANALYZER_NUMBER_OBJECT_CONVERSION = YES_AGGRESSIVE;
				CLANG_CXX_LANGUAGE_STANDARD = "gnu++14";
				CLANG_CXX_LIBRARY = "libc++";
				CLANG_ENABLE_MODULES = YES;
				CLANG_ENABLE_OBJC_ARC = YES;
				CLANG_ENABLE_OBJC_WEAK = YES;
				CLANG_WARN_BLOCK_CAPTURE_AUTORELEASING = YES;
				CLANG_WARN_BOOL_CONVERSION = YES;
				CLANG_WARN_COMMA = YES;
				CLANG_WARN_CONSTANT_CONVERSION = YES;
				CLANG_WARN_DEPRECATED_OBJC_IMPLEMENTATIONS = YES;
				CLANG_WARN_DIRECT_OBJC_ISA_USAGE = YES_ERROR;
				CLANG_WARN_DOCUMENTATION_COMMENTS = YES;
				CLANG_WARN_EMPTY_BODY = YES;
				CLANG_WARN_ENUM_CONVERSION = YES;
				CLANG_WARN_INFINITE_RECURSION = YES;
				CLANG_WARN_INT_CONVERSION = YES;
				CLANG_WARN_NON_LITERAL_NULL_CONVERSION = YES;
				CLANG_WARN_OBJC_IMPLICIT_RETAIN_SELF = YES;
				CLANG_WARN_OBJC_LITERAL_CONVERSION = YES;
				CLANG_WARN_OBJC_ROOT_CLASS = YES_ERROR;
				CLANG_WARN_QUOTED_INCLUDE_IN_FRAMEWORK_HEADER = YES;
				CLANG_WARN_RANGE_LOOP_ANALYSIS = YES;
				CLANG_WARN_STRICT_PROTOTYPES = YES;
				CLANG_WARN_SUSPICIOUS_MOVE = YES;
				CLANG_WARN_UNGUARDED_AVAILABILITY = YES_AGGRESSIVE;
				CLANG_WARN_UNREACHABLE_CODE = YES;
				CLANG_WARN__DUPLICATE_METHOD_MATCH = YES;
				COPY_PHASE_STRIP = NO;
				DEBUG_INFORMATION_FORMAT = dwarf;
				ENABLE_STRICT_OBJC_MSGSEND = YES;
				ENABLE_TESTABILITY = YES;
				GCC_C_LANGUAGE_STANDARD = gnu11;
				GCC_DYNAMIC_NO_PIC = NO;
				GCC_NO_COMMON_BLOCKS = YES;
				GCC_OPTIMIZATION_LEVEL = 0;
				GCC_PREPROCESSOR_DEFINITIONS = (
					"DEBUG=1",
					"$(inherited)",
				);
				GCC_WARN_64_TO_32_BIT_CONVERSION = YES;
				GCC_WARN_ABOUT_RETURN_TYPE = YES_ERROR;
				GCC_WARN_UNDECLARED_SELECTOR = YES;
				GCC_WARN_UNINITIALIZED_AUTOS = YES_AGGRESSIVE;
				GCC_WARN_UNUSED_FUNCTION = YES;
				GCC_WARN_UNUSED_VARIABLE = YES;
				IPHONEOS_DEPLOYMENT_TARGET = 14.4;
				MTL_ENABLE_DEBUG_INFO = INCLUDE_SOURCE;
				MTL_FAST_MATH = YES;
				ONLY_ACTIVE_ARCH = YES;
				SDKROOT = iphoneos;
				SWIFT_ACTIVE_COMPILATION_CONDITIONS = DEBUG;
				SWIFT_OPTIMIZATION_LEVEL = "-Onone";
			};
			name = Debug;
		};
		A477D992262E65F700D8F0C9 /* Release */ = {
			isa = XCBuildConfiguration;
			buildSettings = {
				ALWAYS_SEARCH_USER_PATHS = NO;
				CLANG_ANALYZER_NONNULL = YES;
				CLANG_ANALYZER_NUMBER_OBJECT_CONVERSION = YES_AGGRESSIVE;
				CLANG_CXX_LANGUAGE_STANDARD = "gnu++14";
				CLANG_CXX_LIBRARY = "libc++";
				CLANG_ENABLE_MODULES = YES;
				CLANG_ENABLE_OBJC_ARC = YES;
				CLANG_ENABLE_OBJC_WEAK = YES;
				CLANG_WARN_BLOCK_CAPTURE_AUTORELEASING = YES;
				CLANG_WARN_BOOL_CONVERSION = YES;
				CLANG_WARN_COMMA = YES;
				CLANG_WARN_CONSTANT_CONVERSION = YES;
				CLANG_WARN_DEPRECATED_OBJC_IMPLEMENTATIONS = YES;
				CLANG_WARN_DIRECT_OBJC_ISA_USAGE = YES_ERROR;
				CLANG_WARN_DOCUMENTATION_COMMENTS = YES;
				CLANG_WARN_EMPTY_BODY = YES;
				CLANG_WARN_ENUM_CONVERSION = YES;
				CLANG_WARN_INFINITE_RECURSION = YES;
				CLANG_WARN_INT_CONVERSION = YES;
				CLANG_WARN_NON_LITERAL_NULL_CONVERSION = YES;
				CLANG_WARN_OBJC_IMPLICIT_RETAIN_SELF = YES;
				CLANG_WARN_OBJC_LITERAL_CONVERSION = YES;
				CLANG_WARN_OBJC_ROOT_CLASS = YES_ERROR;
				CLANG_WARN_QUOTED_INCLUDE_IN_FRAMEWORK_HEADER = YES;
				CLANG_WARN_RANGE_LOOP_ANALYSIS = YES;
				CLANG_WARN_STRICT_PROTOTYPES = YES;
				CLANG_WARN_SUSPICIOUS_MOVE = YES;
				CLANG_WARN_UNGUARDED_AVAILABILITY = YES_AGGRESSIVE;
				CLANG_WARN_UNREACHABLE_CODE = YES;
				CLANG_WARN__DUPLICATE_METHOD_MATCH = YES;
				COPY_PHASE_STRIP = NO;
				DEBUG_INFORMATION_FORMAT = "dwarf-with-dsym";
				ENABLE_NS_ASSERTIONS = NO;
				ENABLE_STRICT_OBJC_MSGSEND = YES;
				GCC_C_LANGUAGE_STANDARD = gnu11;
				GCC_NO_COMMON_BLOCKS = YES;
				GCC_WARN_64_TO_32_BIT_CONVERSION = YES;
				GCC_WARN_ABOUT_RETURN_TYPE = YES_ERROR;
				GCC_WARN_UNDECLARED_SELECTOR = YES;
				GCC_WARN_UNINITIALIZED_AUTOS = YES_AGGRESSIVE;
				GCC_WARN_UNUSED_FUNCTION = YES;
				GCC_WARN_UNUSED_VARIABLE = YES;
				IPHONEOS_DEPLOYMENT_TARGET = 14.4;
				MTL_ENABLE_DEBUG_INFO = NO;
				MTL_FAST_MATH = YES;
				SDKROOT = iphoneos;
				SWIFT_COMPILATION_MODE = wholemodule;
				SWIFT_OPTIMIZATION_LEVEL = "-O";
				VALIDATE_PRODUCT = YES;
			};
			name = Release;
		};
		A477D994262E65F700D8F0C9 /* Debug */ = {
			isa = XCBuildConfiguration;
			buildSettings = {
				ASSETCATALOG_COMPILER_APPICON_NAME = AppIcon;
				ASSETCATALOG_COMPILER_GLOBAL_ACCENT_COLOR_NAME = AccentColor;
				CODE_SIGN_STYLE = Automatic;
				DEVELOPMENT_TEAM = N77Y4M88C2;
				INFOPLIST_FILE = Decidophobia/Info.plist;
				LD_RUNPATH_SEARCH_PATHS = (
					"$(inherited)",
					"@executable_path/Frameworks",
				);
				PRODUCT_BUNDLE_IDENTIFIER = com.sophiawang.Decidophobia;
				PRODUCT_NAME = "$(TARGET_NAME)";
				SWIFT_VERSION = 5.0;
				TARGETED_DEVICE_FAMILY = "1,2";
			};
			name = Debug;
		};
		A477D995262E65F700D8F0C9 /* Release */ = {
			isa = XCBuildConfiguration;
			buildSettings = {
				ASSETCATALOG_COMPILER_APPICON_NAME = AppIcon;
				ASSETCATALOG_COMPILER_GLOBAL_ACCENT_COLOR_NAME = AccentColor;
				CODE_SIGN_STYLE = Automatic;
				DEVELOPMENT_TEAM = N77Y4M88C2;
				INFOPLIST_FILE = Decidophobia/Info.plist;
				LD_RUNPATH_SEARCH_PATHS = (
					"$(inherited)",
					"@executable_path/Frameworks",
				);
				PRODUCT_BUNDLE_IDENTIFIER = com.sophiawang.Decidophobia;
				PRODUCT_NAME = "$(TARGET_NAME)";
				SWIFT_VERSION = 5.0;
				TARGETED_DEVICE_FAMILY = "1,2";
			};
			name = Release;
		};
/* End XCBuildConfiguration section */

/* Begin XCConfigurationList section */
		A477D97A262E65F600D8F0C9 /* Build configuration list for PBXProject "Decidophobia" */ = {
			isa = XCConfigurationList;
			buildConfigurations = (
				A477D991262E65F700D8F0C9 /* Debug */,
				A477D992262E65F700D8F0C9 /* Release */,
			);
			defaultConfigurationIsVisible = 0;
			defaultConfigurationName = Release;
		};
		A477D993262E65F700D8F0C9 /* Build configuration list for PBXNativeTarget "Decidophobia" */ = {
			isa = XCConfigurationList;
			buildConfigurations = (
				A477D994262E65F700D8F0C9 /* Debug */,
				A477D995262E65F700D8F0C9 /* Release */,
			);
			defaultConfigurationIsVisible = 0;
			defaultConfigurationName = Release;
		};
/* End XCConfigurationList section */
	};
	rootObject = A477D977262E65F600D8F0C9 /* Project object */;
}
